
Microsoft Visual Studio Solution File, Format Version 12.00
# Visual Studio 2013
VisualStudioVersion = 12.0.40629.0
MinimumVisualStudioVersion = 10.0.40219.1
Project("{FAE04EC0-301F-11D3-BF4B-00C04F79EFBC}") = "HFcs_5_p242", "HFcs_5_p242\HFcs_5_p242.csproj", "{5F443A48-8A54-4D15-9871-86FA19F1B6FF}"
EndProject
Global
	GlobalSection(SolutionConfigurationPlatforms) = preSolution
		Debug|Any CPU = Debug|Any CPU
		Release|Any CPU = Release|Any CPU
	EndGlobalSection
	GlobalSection(ProjectConfigurationPlatforms) = postSolution
		{5F443A48-8A54-4D15-9871-86FA19F1B6FF}.Debug|Any CPU.ActiveCfg = Debug|Any CPU
		{5F443A48-8A54-4D15-9871-86FA19F1B6FF}.Debug|Any CPU.Build.0 = Debug|Any CPU
		{5F443A48-8A54-4D15-9871-86FA19F1B6FF}.Release|Any CPU.ActiveCfg = Release|Any CPU
		{5F443A48-8A54-4D15-9871-86FA19F1B6FF}.Release|Any CPU.Build.0 = Release|Any CPU
	EndGlobalSection
	GlobalSection(SolutionProperties) = preSolution
		HideSolutionNode = FALSE
	EndGlobalSection
EndGlobal
